# This file was autogenerated by Stack.
# You should not edit this file by hand.
# For more information, please see the documentation at:
#   https://docs.haskellstack.org/en/stable/lock_files

packages:
- completed:
    cabal-file:
      size: 1544
      sha256: 249c90977a5e62958421fd56a2afac94b63fb750acfa1f3826cf7c8e3360e811
    name: network-transport-tests
    version: 0.2.4.2
    git: git@github.com:adjoint-io/network-transport-tests.git
    pantry-tree:
      size: 722
      sha256: 635d8e46ac4dc4b85419acf61837221bd1634ba174d167e72ed945a01dba64cd
    commit: 7173a2118055fa8249d7af9278f5c8ec5dca338b
  original:
    git: git@github.com:adjoint-io/network-transport-tests.git
    commit: 7173a2118055fa8249d7af9278f5c8ec5dca338b
snapshots:
- completed:
    size: 495801
    url: https://raw.githubusercontent.com/commercialhaskell/stackage-snapshots/master/lts/13/11.yaml
    sha256: 835062158db2b3ebb8b9525d9662a02ebf9783e8f6a08a64684cd5546f847152
  original: lts-13.11
